// !$*UTF8*$!
{
	archiveVersion = 1;
	classes = {
	};
	objectVersion = 50;
	objects = {

/* Begin PBXBuildFile section */
		A7CE92A2241FBE580067FAB8 /* AppDelegate.swift in Sources */ = {isa = PBXBuildFile; fileRef = A7CE92A1241FBE580067FAB8 /* AppDelegate.swift */; };
		A7CE92A4241FBE580067FAB8 /* SceneDelegate.swift in Sources */ = {isa = PBXBuildFile; fileRef = A7CE92A3241FBE580067FAB8 /* SceneDelegate.swift */; };
		A7CE92A6241FBE580067FAB8 /* ContentView.swift in Sources */ = {isa = PBXBuildFile; fileRef = A7CE92A5241FBE580067FAB8 /* ContentView.swift */; };
		A7CE92A8241FBE5A0067FAB8 /* Assets.xcassets in Resources */ = {isa = PBXBuildFile; fileRef = A7CE92A7241FBE5A0067FAB8 /* Assets.xcassets */; };
		A7CE92AB241FBE5A0067FAB8 /* Preview Assets.xcassets in Resources */ = {isa = PBXBuildFile; fileRef = A7CE92AA241FBE5A0067FAB8 /* Preview Assets.xcassets */; };
		A7CE92AE241FBE5A0067FAB8 /* LaunchScreen.storyboard in Resources */ = {isa = PBXBuildFile; fileRef = A7CE92AC241FBE5A0067FAB8 /* LaunchScreen.storyboard */; };
/* End PBXBuildFile section */

/* Begin PBXFileReference section */
		A7CE929E241FBE580067FAB8 /* Bullseye.app */ = {isa = PBXFileReference; explicitFileType = wrapper.application; includeInIndex = 0; path = Bullseye.app; sourceTree = BUILT_PRODUCTS_DIR; };
		A7CE92A1241FBE580067FAB8 /* AppDelegate.swift */ = {isa = PBXFileReference; lastKnownFileType = sourcecode.swift; path = AppDelegate.swift; sourceTree = "<group>"; };
		A7CE92A3241FBE580067FAB8 /* SceneDelegate.swift */ = {isa = PBXFileReference; lastKnownFileType = sourcecode.swift; path = SceneDelegate.swift; sourceTree = "<group>"; };
		A7CE92A5241FBE580067FAB8 /* ContentView.swift */ = {isa = PBXFileReference; lastKnownFileType = sourcecode.swift; path = ContentView.swift; sourceTree = "<group>"; };
		A7CE92A7241FBE5A0067FAB8 /* Assets.xcassets */ = {isa = PBXFileReference; lastKnownFileType = folder.assetcatalog; path = Assets.xcassets; sourceTree = "<group>"; };
		A7CE92AA241FBE5A0067FAB8 /* Preview Assets.xcassets */ = {isa = PBXFileReference; lastKnownFileType = folder.assetcatalog; path = "Preview Assets.xcassets"; sourceTree = "<group>"; };
		A7CE92AD241FBE5A0067FAB8 /* Base */ = {isa = PBXFileReference; lastKnownFileType = file.storyboard; name = Base; path = Base.lproj/LaunchScreen.storyboard; sourceTree = "<group>"; };
		A7CE92AF241FBE5A0067FAB8 /* Info.plist */ = {isa = PBXFileReference; lastKnownFileType = text.plist.xml; path = Info.plist; sourceTree = "<group>"; };
/* End PBXFileReference section */

/* Begin PBXFrameworksBuildPhase section */
		A7CE929B241FBE580067FAB8 /* Frameworks */ = {
			isa = PBXFrameworksBuildPhase;
			buildActionMask = 2147483647;
			files = (
			);
			runOnlyForDeploymentPostprocessing = 0;
		};
/* End PBXFrameworksBuildPhase section */

/* Begin PBXGroup section */
		A7CE9295241FBE580067FAB8 = {
			isa = PBXGroup;
			children = (
				A7CE92A0241FBE580067FAB8 /* Bullseye */,
				A7CE929F241FBE580067FAB8 /* Products */,
			);
			sourceTree = "<group>";
		};
		A7CE929F241FBE580067FAB8 /* Products */ = {
			isa = PBXGroup;
			children = (
				A7CE929E241FBE580067FAB8 /* Bullseye.app */,
			);
			name = Products;
			sourceTree = "<group>";
		};
		A7CE92A0241FBE580067FAB8 /* Bullseye */ = {
			isa = PBXGroup;
			children = (
				A7CE92A1241FBE580067FAB8 /* AppDelegate.swift */,
				A7CE92A3241FBE580067FAB8 /* SceneDelegate.swift */,
				A7CE92A5241FBE580067FAB8 /* ContentView.swift */,
				A7CE92A7241FBE5A0067FAB8 /* Assets.xcassets */,
				A7CE92AC241FBE5A0067FAB8 /* LaunchScreen.storyboard */,
				A7CE92AF241FBE5A0067FAB8 /* Info.plist */,
				A7CE92A9241FBE5A0067FAB8 /* Preview Content */,
			);
			path = Bullseye;
			sourceTree = "<group>";
		};
		A7CE92A9241FBE5A0067FAB8 /* Preview Content */ = {
			isa = PBXGroup;
			children = (
				A7CE92AA241FBE5A0067FAB8 /* Preview Assets.xcassets */,
			);
			path = "Preview Content";
			sourceTree = "<group>";
		};
/* End PBXGroup section */

/* Begin PBXNativeTarget section */
		A7CE929D241FBE580067FAB8 /* Bullseye */ = {
			isa = PBXNativeTarget;
			buildConfigurationList = A7CE92B2241FBE5A0067FAB8 /* Build configuration list for PBXNativeTarget "Bullseye" */;
			buildPhases = (
				A7CE929A241FBE580067FAB8 /* Sources */,
				A7CE929B241FBE580067FAB8 /* Frameworks */,
				A7CE929C241FBE580067FAB8 /* Resources */,
			);
			buildRules = (
			);
			dependencies = (
			);
			name = Bullseye;
			productName = Bullseye;
			productReference = A7CE929E241FBE580067FAB8 /* Bullseye.app */;
			productType = "com.apple.product-type.application";
		};
/* End PBXNativeTarget section */

/* Begin PBXProject section */
		A7CE9296241FBE580067FAB8 /* Project object */ = {
			isa = PBXProject;
			attributes = {
				LastSwiftUpdateCheck = 1130;
				LastUpgradeCheck = 1130;
				ORGANIZATIONNAME = "Gray, James S";
				TargetAttributes = {
					A7CE929D241FBE580067FAB8 = {
						CreatedOnToolsVersion = 11.3.1;
					};
				};
			};
			buildConfigurationList = A7CE9299241FBE580067FAB8 /* Build configuration list for PBXProject "Bullseye" */;
			compatibilityVersion = "Xcode 9.3";
			developmentRegion = en;
			hasScannedForEncodings = 0;
			knownRegions = (
				en,
				Base,
			);
			mainGroup = A7CE9295241FBE580067FAB8;
			productRefGroup = A7CE929F241FBE580067FAB8 /* Products */;
			projectDirPath = "";
			projectRoot = "";
			targets = (
				A7CE929D241FBE580067FAB8 /* Bullseye */,
			);
		};
/* End PBXProject section */

/* Begin PBXResourcesBuildPhase section */
		A7CE929C241FBE580067FAB8 /* Resources */ = {
			isa = PBXResourcesBuildPhase;
			buildActionMask = 2147483647;
			files = (
				A7CE92AE241FBE5A0067FAB8 /* LaunchScreen.storyboard in Resources */,
				A7CE92AB241FBE5A0067FAB8 /* Preview Assets.xcassets in Resources */,
				A7CE92A8241FBE5A0067FAB8 /* Assets.xcassets in Resources */,
			);
			runOnlyForDeploymentPostprocessing = 0;
		};
/* End PBXResourcesBuildPhase section */

/* Begin PBXSourcesBuildPhase section */
		A7CE929A241FBE580067FAB8 /* Sources */ = {
			isa = PBXSourcesBuildPhase;
			buildActionMask = 2147483647;
			files = (
				A7CE92A2241FBE580067FAB8 /* AppDelegate.swift in Sources */,
				A7CE92A4241FBE580067FAB8 /* SceneDelegate.swift in Sources */,
				A7CE92A6241FBE580067FAB8 /* ContentView.swift in Sources */,
			);
			runOnlyForDeploymentPostprocessing = 0;
		};
/* End PBXSourcesBuildPhase section */

/* Begin PBXVariantGroup section */
		A7CE92AC241FBE5A0067FAB8 /* LaunchScreen.storyboard */ = {
			isa = PBXVariantGroup;
			children = (
				A7CE92AD241FBE5A0067FAB8 /* Base */,
			);
			name = LaunchScreen.storyboard;
			sourceTree = "<group>";
		};
/* End PBXVariantGroup section */

/* Begin XCBuildConfiguration section */
		A7CE92B0241FBE5A0067FAB8 /* Debug */ = {
			isa = XCBuildConfiguration;
			buildSettings = {
				ALWAYS_SEARCH_USER_PATHS = NO;
				CLANG_ANALYZER_NONNULL = YES;
				CLANG_ANALYZER_NUMBER_OBJECT_CONVERSION = YES_AGGRESSIVE;
				CLANG_CXX_LANGUAGE_STANDARD = "gnu++14";
				CLANG_CXX_LIBRARY = "libc++";
				CLANG_ENABLE_MODULES = YES;
				CLANG_ENABLE_OBJC_ARC = YES;
				CLANG_ENABLE_OBJC_WEAK = YES;
				CLANG_WARN_BLOCK_CAPTURE_AUTORELEASING = YES;
				CLANG_WARN_BOOL_CONVERSION = YES;
				CLANG_WARN_COMMA = YES;
				CLANG_WARN_CONSTANT_CONVERSION = YES;
				CLANG_WARN_DEPRECATED_OBJC_IMPLEMENTATIONS = YES;
				CLANG_WARN_DIRECT_OBJC_ISA_USAGE = YES_ERROR;
				CLANG_WARN_DOCUMENTATION_COMMENTS = YES;
				CLANG_WARN_EMPTY_BODY = YES;
				CLANG_WARN_ENUM_CONVERSION = YES;
				CLANG_WARN_INFINITE_RECURSION = YES;
				CLANG_WARN_INT_CONVERSION = YES;
				CLANG_WARN_NON_LITERAL_NULL_CONVERSION = YES;
				CLANG_WARN_OBJC_IMPLICIT_RETAIN_SELF = YES;
				CLANG_WARN_OBJC_LITERAL_CONVERSION = YES;
				CLANG_WARN_OBJC_ROOT_CLASS = YES_ERROR;
				CLANG_WARN_RANGE_LOOP_ANALYSIS = YES;
				CLANG_WARN_STRICT_PROTOTYPES = YES;
				CLANG_WARN_SUSPICIOUS_MOVE = YES;
				CLANG_WARN_UNGUARDED_AVAILABILITY = YES_AGGRESSIVE;
				CLANG_WARN_UNREACHABLE_CODE = YES;
				CLANG_WARN__DUPLICATE_METHOD_MATCH = YES;
				COPY_PHASE_STRIP = NO;
				DEBUG_INFORMATION_FORMAT = dwarf;
				ENABLE_STRICT_OBJC_MSGSEND = YES;
				ENABLE_TESTABILITY = YES;
				GCC_C_LANGUAGE_STANDARD = gnu11;
				GCC_DYNAMIC_NO_PIC = NO;
				GCC_NO_COMMON_BLOCKS = YES;
				GCC_OPTIMIZATION_LEVEL = 0;
				GCC_PREPROCESSOR_DEFINITIONS = (
					"DEBUG=1",
					"$(inherited)",
				);
				GCC_WARN_64_TO_32_BIT_CONVERSION = YES;
				GCC_WARN_ABOUT_RETURN_TYPE = YES_ERROR;
				GCC_WARN_UNDECLARED_SELECTOR = YES;
				GCC_WARN_UNINITIALIZED_AUTOS = YES_AGGRESSIVE;
				GCC_WARN_UNUSED_FUNCTION = YES;
				GCC_WARN_UNUSED_VARIABLE = YES;
				IPHONEOS_DEPLOYMENT_TARGET = 13.2;
				MTL_ENABLE_DEBUG_INFO = INCLUDE_SOURCE;
				MTL_FAST_MATH = YES;
				ONLY_ACTIVE_ARCH = YES;
				SDKROOT = iphoneos;
				SWIFT_ACTIVE_COMPILATION_CONDITIONS = DEBUG;
				SWIFT_OPTIMIZATION_LEVEL = "-Onone";
			};
			name = Debug;
		};
		A7CE92B1241FBE5A0067FAB8 /* Release */ = {
			isa = XCBuildConfiguration;
			buildSettings = {
				ALWAYS_SEARCH_USER_PATHS = NO;
				CLANG_ANALYZER_NONNULL = YES;
				CLANG_ANALYZER_NUMBER_OBJECT_CONVERSION = YES_AGGRESSIVE;
				CLANG_CXX_LANGUAGE_STANDARD = "gnu++14";
				CLANG_CXX_LIBRARY = "libc++";
				CLANG_ENABLE_MODULES = YES;
				CLANG_ENABLE_OBJC_ARC = YES;
				CLANG_ENABLE_OBJC_WEAK = YES;
				CLANG_WARN_BLOCK_CAPTURE_AUTORELEASING = YES;
				CLANG_WARN_BOOL_CONVERSION = YES;
				CLANG_WARN_COMMA = YES;
				CLANG_WARN_CONSTANT_CONVERSION = YES;
				CLANG_WARN_DEPRECATED_OBJC_IMPLEMENTATIONS = YES;
				CLANG_WARN_DIRECT_OBJC_ISA_USAGE = YES_ERROR;
				CLANG_WARN_DOCUMENTATION_COMMENTS = YES;
				CLANG_WARN_EMPTY_BODY = YES;
				CLANG_WARN_ENUM_CONVERSION = YES;
				CLANG_WARN_INFINITE_RECURSION = YES;
				CLANG_WARN_INT_CONVERSION = YES;
				CLANG_WARN_NON_LITERAL_NULL_CONVERSION = YES;
				CLANG_WARN_OBJC_IMPLICIT_RETAIN_SELF = YES;
				CLANG_WARN_OBJC_LITERAL_CONVERSION = YES;
				CLANG_WARN_OBJC_ROOT_CLASS = YES_ERROR;
				CLANG_WARN_RANGE_LOOP_ANALYSIS = YES;
				CLANG_WARN_STRICT_PROTOTYPES = YES;
				CLANG_WARN_SUSPICIOUS_MOVE = YES;
				CLANG_WARN_UNGUARDED_AVAILABILITY = YES_AGGRESSIVE;
				CLANG_WARN_UNREACHABLE_CODE = YES;
				CLANG_WARN__DUPLICATE_METHOD_MATCH = YES;
				COPY_PHASE_STRIP = NO;
				DEBUG_INFORMATION_FORMAT = "dwarf-with-dsym";
				ENABLE_NS_ASSERTIONS = NO;
				ENABLE_STRICT_OBJC_MSGSEND = YES;
				GCC_C_LANGUAGE_STANDARD = gnu11;
				GCC_NO_COMMON_BLOCKS = YES;
				GCC_WARN_64_TO_32_BIT_CONVERSION = YES;
				GCC_WARN_ABOUT_RETURN_TYPE = YES_ERROR;
				GCC_WARN_UNDECLARED_SELECTOR = YES;
				GCC_WARN_UNINITIALIZED_AUTOS = YES_AGGRESSIVE;
				GCC_WARN_UNUSED_FUNCTION = YES;
				GCC_WARN_UNUSED_VARIABLE = YES;
				IPHONEOS_DEPLOYMENT_TARGET = 13.2;
				MTL_ENABLE_DEBUG_INFO = NO;
				MTL_FAST_MATH = YES;
				SDKROOT = iphoneos;
				SWIFT_COMPILATION_MODE = wholemodule;
				SWIFT_OPTIMIZATION_LEVEL = "-O";
				VALIDATE_PRODUCT = YES;
			};
			name = Release;
		};
		A7CE92B3241FBE5A0067FAB8 /* Debug */ = {
			isa = XCBuildConfiguration;
			buildSettings = {
				ASSETCATALOG_COMPILER_APPICON_NAME = AppIcon;
				CODE_SIGN_STYLE = Automatic;
				DEVELOPMENT_ASSET_PATHS = "\"Bullseye/Preview Content\"";
				ENABLE_PREVIEWS = YES;
				INFOPLIST_FILE = Bullseye/Info.plist;
				LD_RUNPATH_SEARCH_PATHS = (
					"$(inherited)",
					"@executable_path/Frameworks",
				);
				PRODUCT_BUNDLE_IDENTIFIER = com.jameson1021.Bullseye;
				PRODUCT_NAME = "$(TARGET_NAME)";
				SWIFT_VERSION = 5.0;
				TARGETED_DEVICE_FAMILY = "1,2";
			};
			name = Debug;
		};
		A7CE92B4241FBE5A0067FAB8 /* Release */ = {
			isa = XCBuildConfiguration;
			buildSettings = {
				ASSETCATALOG_COMPILER_APPICON_NAME = AppIcon;
				CODE_SIGN_STYLE = Automatic;
				DEVELOPMENT_ASSET_PATHS = "\"Bullseye/Preview Content\"";
				ENABLE_PREVIEWS = YES;
				INFOPLIST_FILE = Bullseye/Info.plist;
				LD_RUNPATH_SEARCH_PATHS = (
					"$(inherited)",
					"@executable_path/Frameworks",
				);
				PRODUCT_BUNDLE_IDENTIFIER = com.jameson1021.Bullseye;
				PRODUCT_NAME = "$(TARGET_NAME)";
				SWIFT_VERSION = 5.0;
				TARGETED_DEVICE_FAMILY = "1,2";
			};
			name = Release;
		};
/* End XCBuildConfiguration section */

/* Begin XCConfigurationList section */
		A7CE9299241FBE580067FAB8 /* Build configuration list for PBXProject "Bullseye" */ = {
			isa = XCConfigurationList;
			buildConfigurations = (
				A7CE92B0241FBE5A0067FAB8 /* Debug */,
				A7CE92B1241FBE5A0067FAB8 /* Release */,
			);
			defaultConfigurationIsVisible = 0;
			defaultConfigurationName = Release;
		};
		A7CE92B2241FBE5A0067FAB8 /* Build configuration list for PBXNativeTarget "Bullseye" */ = {
			isa = XCConfigurationList;
			buildConfigurations = (
				A7CE92B3241FBE5A0067FAB8 /* Debug */,
				A7CE92B4241FBE5A0067FAB8 /* Release */,
			);
			defaultConfigurationIsVisible = 0;
			defaultConfigurationName = Release;
		};
/* End XCConfigurationList section */
	};
	rootObject = A7CE9296241FBE580067FAB8 /* Project object */;
}
